
Microsoft Visual Studio Solution File, Format Version 12.00
# Visual Studio 15
VisualStudioVersion = 15.0.28010.2046
MinimumVisualStudioVersion = 10.0.40219.1
Project("{FAE04EC0-301F-11D3-BF4B-00C04F79EFBC}") = "SimpleOperationsUtility", "SimpleOperationsUtility\SimpleOperationsUtility.csproj", "{0A68C436-5E52-48A1-AE72-E622F5B80EB1}"
EndProject
Global
	GlobalSection(SolutionConfigurationPlatforms) = preSolution
		Debug|Any CPU = Debug|Any CPU
		Release|Any CPU = Release|Any CPU
	EndGlobalSection
	GlobalSection(ProjectConfigurationPlatforms) = postSolution
		{0A68C436-5E52-48A1-AE72-E622F5B80EB1}.Debug|Any CPU.ActiveCfg = Debug|Any CPU
		{0A68C436-5E52-48A1-AE72-E622F5B80EB1}.Debug|Any CPU.Build.0 = Debug|Any CPU
		{0A68C436-5E52-48A1-AE72-E622F5B80EB1}.Release|Any CPU.ActiveCfg = Release|Any CPU
		{0A68C436-5E52-48A1-AE72-E622F5B80EB1}.Release|Any CPU.Build.0 = Release|Any CPU
	EndGlobalSection
	GlobalSection(SolutionProperties) = preSolution
		HideSolutionNode = FALSE
	EndGlobalSection
	GlobalSection(ExtensibilityGlobals) = postSolution
		SolutionGuid = {73F0327C-ED04-4BF7-9CDB-E3FA87FA4C40}
	EndGlobalSection
EndGlobal
